
Microsoft Visual Studio Solution File, Format Version 12.00
# Visual Studio 15
VisualStudioVersion = 15.0.27428.2015
MinimumVisualStudioVersion = 10.0.40219.1
Project("{FAE04EC0-301F-11D3-BF4B-00C04F79EFBC}") = "Vidly", "Vidly\Vidly.csproj", "{1C268555-B62D-488D-BF06-EE49F4C46FB3}"
EndProject
Global
	GlobalSection(SolutionConfigurationPlatforms) = preSolution
		Debug|Any CPU = Debug|Any CPU
		Release|Any CPU = Release|Any CPU
	EndGlobalSection
	GlobalSection(ProjectConfigurationPlatforms) = postSolution
		{1C268555-B62D-488D-BF06-EE49F4C46FB3}.Debug|Any CPU.ActiveCfg = Debug|Any CPU
		{1C268555-B62D-488D-BF06-EE49F4C46FB3}.Debug|Any CPU.Build.0 = Debug|Any CPU
		{1C268555-B62D-488D-BF06-EE49F4C46FB3}.Release|Any CPU.ActiveCfg = Release|Any CPU
		{1C268555-B62D-488D-BF06-EE49F4C46FB3}.Release|Any CPU.Build.0 = Release|Any CPU
	EndGlobalSection
	GlobalSection(SolutionProperties) = preSolution
		HideSolutionNode = FALSE
	EndGlobalSection
	GlobalSection(ExtensibilityGlobals) = postSolution
		SolutionGuid = {A95486F1-01CA-4F8E-86E0-4149F9AE2D8D}
	EndGlobalSection
EndGlobal
