
Microsoft Visual Studio Solution File, Format Version 12.00
# Visual Studio 15
VisualStudioVersion = 15.0.27428.2015
MinimumVisualStudioVersion = 10.0.40219.1
Project("{FAE04EC0-301F-11D3-BF4B-00C04F79EFBC}") = "05_40_mvc_ex2_post", "05_40_mvc_ex2_post\05_40_mvc_ex2_post.csproj", "{28874240-DB56-445A-BFF6-4942A217FB3B}"
EndProject
Global
	GlobalSection(SolutionConfigurationPlatforms) = preSolution
		Debug|Any CPU = Debug|Any CPU
		Release|Any CPU = Release|Any CPU
	EndGlobalSection
	GlobalSection(ProjectConfigurationPlatforms) = postSolution
		{28874240-DB56-445A-BFF6-4942A217FB3B}.Debug|Any CPU.ActiveCfg = Debug|Any CPU
		{28874240-DB56-445A-BFF6-4942A217FB3B}.Debug|Any CPU.Build.0 = Debug|Any CPU
		{28874240-DB56-445A-BFF6-4942A217FB3B}.Release|Any CPU.ActiveCfg = Release|Any CPU
		{28874240-DB56-445A-BFF6-4942A217FB3B}.Release|Any CPU.Build.0 = Release|Any CPU
	EndGlobalSection
	GlobalSection(SolutionProperties) = preSolution
		HideSolutionNode = FALSE
	EndGlobalSection
	GlobalSection(ExtensibilityGlobals) = postSolution
		SolutionGuid = {32F59666-5E98-4BEA-AF71-69F73979EE69}
	EndGlobalSection
EndGlobal
